
Microsoft Visual Studio Solution File, Format Version 12.00
# Visual Studio Version 17
VisualStudioVersion = 17.10.34928.147
MinimumVisualStudioVersion = 10.0.40219.1
Project("{FAE04EC0-301F-11D3-BF4B-00C04F79EFBC}") = "proyectodos_Marjory", "proyectodos_Marjory\proyectodos_Marjory.csproj", "{CAD048D9-7330-4F97-9AC2-9A738A1FAC24}"
EndProject
Global
	GlobalSection(SolutionConfigurationPlatforms) = preSolution
		Debug|Any CPU = Debug|Any CPU
		Release|Any CPU = Release|Any CPU
	EndGlobalSection
	GlobalSection(ProjectConfigurationPlatforms) = postSolution
		{CAD048D9-7330-4F97-9AC2-9A738A1FAC24}.Debug|Any CPU.ActiveCfg = Debug|Any CPU
		{CAD048D9-7330-4F97-9AC2-9A738A1FAC24}.Debug|Any CPU.Build.0 = Debug|Any CPU
		{CAD048D9-7330-4F97-9AC2-9A738A1FAC24}.Release|Any CPU.ActiveCfg = Release|Any CPU
		{CAD048D9-7330-4F97-9AC2-9A738A1FAC24}.Release|Any CPU.Build.0 = Release|Any CPU
	EndGlobalSection
	GlobalSection(SolutionProperties) = preSolution
		HideSolutionNode = FALSE
	EndGlobalSection
	GlobalSection(ExtensibilityGlobals) = postSolution
		SolutionGuid = {BF27FB59-2F5F-4120-B100-C566409A0F82}
	EndGlobalSection
EndGlobal
